{
  "nodes": {
    "adios": {
      "locked": {
        "lastModified": 1764607811,
        "narHash": "sha256-f7GHSqsGJGkbtIS4YHTk8Zs5rI2IGyqGsJ0qbF1J9Tg=",
        "owner": "adisbladis",
        "repo": "adios",
        "rev": "6754e85bce51ea198fa405394fb5b57d67555e7d",
        "type": "github"
      },
      "original": {
        "owner": "adisbladis",
        "repo": "adios",
        "rev": "6754e85bce51ea198fa405394fb5b57d67555e7d",
        "type": "github"
      }
    },
    "nixpkgs": {
      "locked": {
        "lastModified": 1771848320,
        "narHash": "sha256-0MAd+0mun3K/Ns8JATeHT1sX28faLII5hVLq0L3BdZU=",
        "owner": "NixOS",
        "repo": "nixpkgs",
        "rev": "2fc6539b481e1d2569f25f8799236694180c0993",
        "type": "github"
      },
      "original": {
        "owner": "NixOS",
        "ref": "nixos-unstable",
        "repo": "nixpkgs",
        "type": "github"
      }
    },
    "root": {
      "inputs": {
        "adios": "adios",
        "nixpkgs": "nixpkgs",
        "systems": "systems"
      }
    },
    "systems": {
      "locked": {
        "lastModified": 1681028828,
        "narHash": "sha256-Vy1rq5AaRuLzOxct8nz4T6wlgyUR7zLU309k9mBC768=",
        "owner": "nix-systems",
        "repo": "default",
        "rev": "da67096a3b9bf56a91d16901293e51ba5b49a27e",
        "type": "github"
      },
      "original": {
        "owner": "nix-systems",
        "repo": "default",
        "type": "github"
      }
    }
  },
  "root": "root",
  "version": 7
}
